
Microsoft Visual Studio Solution File, Format Version 12.00
# Visual Studio Version 17
VisualStudioVersion = 17.13.35818.85 d17.13
MinimumVisualStudioVersion = 10.0.40219.1
Project("{FAE04EC0-301F-11D3-BF4B-00C04F79EFBC}") = "BibliotecaDePeliculas", "BibliotecaDePeliculas.csproj", "{F832285D-7C5F-46E9-BC6D-4DE608AD461B}"
EndProject
Global
	GlobalSection(SolutionConfigurationPlatforms) = preSolution
		Debug|Any CPU = Debug|Any CPU
		Release|Any CPU = Release|Any CPU
	EndGlobalSection
	GlobalSection(ProjectConfigurationPlatforms) = postSolution
		{F832285D-7C5F-46E9-BC6D-4DE608AD461B}.Debug|Any CPU.ActiveCfg = Debug|Any CPU
		{F832285D-7C5F-46E9-BC6D-4DE608AD461B}.Debug|Any CPU.Build.0 = Debug|Any CPU
		{F832285D-7C5F-46E9-BC6D-4DE608AD461B}.Release|Any CPU.ActiveCfg = Release|Any CPU
		{F832285D-7C5F-46E9-BC6D-4DE608AD461B}.Release|Any CPU.Build.0 = Release|Any CPU
	EndGlobalSection
	GlobalSection(SolutionProperties) = preSolution
		HideSolutionNode = FALSE
	EndGlobalSection
	GlobalSection(ExtensibilityGlobals) = postSolution
		SolutionGuid = {049ED5C4-B911-4EB4-AFCF-87848BE22188}
	EndGlobalSection
EndGlobal
